
Microsoft Visual Studio Solution File, Format Version 12.00
# Visual Studio Version 16
VisualStudioVersion = 16.0.31025.194
MinimumVisualStudioVersion = 10.0.40219.1
Project("{9A19103F-16F7-4668-BE54-9A1E7A4F7556}") = "TaskDay01", "TaskDay01\TaskDay01.csproj", "{F214421E-8FC0-4416-A8CA-0DAD769606BE}"
EndProject
Project("{9A19103F-16F7-4668-BE54-9A1E7A4F7556}") = "Model_Libraries", "Model_Libraries\Model_Libraries.csproj", "{23491122-6E4F-4603-AEB0-E0E7ACE0CF40}"
EndProject
Project("{FAE04EC0-301F-11D3-BF4B-00C04F79EFBC}") = "Lab2API", "Lab2\Lab2API.csproj", "{9BD76998-638A-40EA-9EE3-FCB5D402032F}"
EndProject
Global
	GlobalSection(SolutionConfigurationPlatforms) = preSolution
		Debug|Any CPU = Debug|Any CPU
		Release|Any CPU = Release|Any CPU
	EndGlobalSection
	GlobalSection(ProjectConfigurationPlatforms) = postSolution
		{F214421E-8FC0-4416-A8CA-0DAD769606BE}.Debug|Any CPU.ActiveCfg = Debug|Any CPU
		{F214421E-8FC0-4416-A8CA-0DAD769606BE}.Debug|Any CPU.Build.0 = Debug|Any CPU
		{F214421E-8FC0-4416-A8CA-0DAD769606BE}.Release|Any CPU.ActiveCfg = Release|Any CPU
		{F214421E-8FC0-4416-A8CA-0DAD769606BE}.Release|Any CPU.Build.0 = Release|Any CPU
		{23491122-6E4F-4603-AEB0-E0E7ACE0CF40}.Debug|Any CPU.ActiveCfg = Debug|Any CPU
		{23491122-6E4F-4603-AEB0-E0E7ACE0CF40}.Debug|Any CPU.Build.0 = Debug|Any CPU
		{23491122-6E4F-4603-AEB0-E0E7ACE0CF40}.Release|Any CPU.ActiveCfg = Release|Any CPU
		{23491122-6E4F-4603-AEB0-E0E7ACE0CF40}.Release|Any CPU.Build.0 = Release|Any CPU
		{9BD76998-638A-40EA-9EE3-FCB5D402032F}.Debug|Any CPU.ActiveCfg = Debug|Any CPU
		{9BD76998-638A-40EA-9EE3-FCB5D402032F}.Debug|Any CPU.Build.0 = Debug|Any CPU
		{9BD76998-638A-40EA-9EE3-FCB5D402032F}.Release|Any CPU.ActiveCfg = Release|Any CPU
		{9BD76998-638A-40EA-9EE3-FCB5D402032F}.Release|Any CPU.Build.0 = Release|Any CPU
	EndGlobalSection
	GlobalSection(SolutionProperties) = preSolution
		HideSolutionNode = FALSE
	EndGlobalSection
	GlobalSection(ExtensibilityGlobals) = postSolution
		SolutionGuid = {8DDECAC4-63E4-4C0C-BB7F-72D864F95E36}
	EndGlobalSection
EndGlobal
